
Microsoft Visual Studio Solution File, Format Version 12.00
# Visual Studio Version 17
VisualStudioVersion = 17.9.34728.123
MinimumVisualStudioVersion = 10.0.40219.1
Project("{FAE04EC0-301F-11D3-BF4B-00C04F79EFBC}") = "CRUD", "CRUD\CRUD.csproj", "{D3708945-3E95-4356-930B-BFDF425B0292}"
EndProject
Global
	GlobalSection(SolutionConfigurationPlatforms) = preSolution
		Debug|Any CPU = Debug|Any CPU
		Release|Any CPU = Release|Any CPU
	EndGlobalSection
	GlobalSection(ProjectConfigurationPlatforms) = postSolution
		{D3708945-3E95-4356-930B-BFDF425B0292}.Debug|Any CPU.ActiveCfg = Debug|Any CPU
		{D3708945-3E95-4356-930B-BFDF425B0292}.Debug|Any CPU.Build.0 = Debug|Any CPU
		{D3708945-3E95-4356-930B-BFDF425B0292}.Release|Any CPU.ActiveCfg = Release|Any CPU
		{D3708945-3E95-4356-930B-BFDF425B0292}.Release|Any CPU.Build.0 = Release|Any CPU
	EndGlobalSection
	GlobalSection(SolutionProperties) = preSolution
		HideSolutionNode = FALSE
	EndGlobalSection
	GlobalSection(ExtensibilityGlobals) = postSolution
		SolutionGuid = {DD57E779-C0FD-4AB7-9561-B6EEE81F7DD3}
	EndGlobalSection
EndGlobal
